Microsoft Visual Studio Solution File, Format Version 12.00
# Visual Studio Version 17
VisualStudioVersion = 17.5.2.0
MinimumVisualStudioVersion = 10.0.40219.1
Project("{FAE04EC0-301F-11D3-BF4B-00C04F79EFBC}") = "AP2", "AP2.csproj", "{806E4025-E5F4-7847-7997-CA261695C258}"
EndProject
Global
	GlobalSection(SolutionConfigurationPlatforms) = preSolution
		Debug|Any CPU = Debug|Any CPU
		Release|Any CPU = Release|Any CPU
	EndGlobalSection
	GlobalSection(ProjectConfigurationPlatforms) = postSolution
		{806E4025-E5F4-7847-7997-CA261695C258}.Debug|Any CPU.ActiveCfg = Debug|Any CPU
		{806E4025-E5F4-7847-7997-CA261695C258}.Debug|Any CPU.Build.0 = Debug|Any CPU
		{806E4025-E5F4-7847-7997-CA261695C258}.Release|Any CPU.ActiveCfg = Release|Any CPU
		{806E4025-E5F4-7847-7997-CA261695C258}.Release|Any CPU.Build.0 = Release|Any CPU
	EndGlobalSection
	GlobalSection(SolutionProperties) = preSolution
		HideSolutionNode = FALSE
	EndGlobalSection
	GlobalSection(ExtensibilityGlobals) = postSolution
		SolutionGuid = {2CC62F06-00F5-4DDC-A483-F7240CECCBCD}
	EndGlobalSection
EndGlobal
